
Microsoft Visual Studio Solution File, Format Version 12.00
# Visual Studio 15
VisualStudioVersion = 15.0.26206.0
MinimumVisualStudioVersion = 10.0.40219.1
Project("{9A19103F-16F7-4668-BE54-9A1E7A4F7556}") = "Web", "src\Web\Web.csproj", "{99228ECE-ECB3-4F08-B403-BF49FCE69B2D}"
EndProject
Project("{FAE04EC0-301F-11D3-BF4B-00C04F79EFBC}") = "WebApi", "src\WebApi\WebApi.csproj", "{ED06DC31-39EB-471E-BE85-0B79CFAB2BBF}"
EndProject
Project("{2150E333-8FDC-42A3-9474-1A3956D46DE8}") = "tests", "tests", "{B452A380-36B3-4881-A4DA-A092B8A599C2}"
EndProject
Project("{2150E333-8FDC-42A3-9474-1A3956D46DE8}") = "src", "src", "{1D8688C8-D7CB-4F40-8CD2-A9F53DE0B613}"
EndProject
Project("{FAE04EC0-301F-11D3-BF4B-00C04F79EFBC}") = "WebApi.Tests", "tests\WebApi.Tests\WebApi.Tests.csproj", "{9F19641A-B429-4993-ACA7-845AEF6FBBC7}"
EndProject
Project("{FAE04EC0-301F-11D3-BF4B-00C04F79EFBC}") = "Web.Tests", "tests\Web.Tests\Web.Tests.csproj", "{6C03D3B6-57E7-44FC-BF31-892B17B9D0F0}"
EndProject
Global
	GlobalSection(SolutionConfigurationPlatforms) = preSolution
		Debug|Any CPU = Debug|Any CPU
		Debug|x64 = Debug|x64
		Debug|x86 = Debug|x86
		Release|Any CPU = Release|Any CPU
		Release|x64 = Release|x64
		Release|x86 = Release|x86
	EndGlobalSection
	GlobalSection(ProjectConfigurationPlatforms) = postSolution
		{99228ECE-ECB3-4F08-B403-BF49FCE69B2D}.Debug|Any CPU.ActiveCfg = Debug|Any CPU
		{99228ECE-ECB3-4F08-B403-BF49FCE69B2D}.Debug|Any CPU.Build.0 = Debug|Any CPU
		{99228ECE-ECB3-4F08-B403-BF49FCE69B2D}.Debug|x64.ActiveCfg = Debug|x64
		{99228ECE-ECB3-4F08-B403-BF49FCE69B2D}.Debug|x64.Build.0 = Debug|x64
		{99228ECE-ECB3-4F08-B403-BF49FCE69B2D}.Debug|x86.ActiveCfg = Debug|x86
		{99228ECE-ECB3-4F08-B403-BF49FCE69B2D}.Debug|x86.Build.0 = Debug|x86
		{99228ECE-ECB3-4F08-B403-BF49FCE69B2D}.Release|Any CPU.ActiveCfg = Release|Any CPU
		{99228ECE-ECB3-4F08-B403-BF49FCE69B2D}.Release|Any CPU.Build.0 = Release|Any CPU
		{99228ECE-ECB3-4F08-B403-BF49FCE69B2D}.Release|x64.ActiveCfg = Release|x64
		{99228ECE-ECB3-4F08-B403-BF49FCE69B2D}.Release|x64.Build.0 = Release|x64
		{99228ECE-ECB3-4F08-B403-BF49FCE69B2D}.Release|x86.ActiveCfg = Release|x86
		{99228ECE-ECB3-4F08-B403-BF49FCE69B2D}.Release|x86.Build.0 = Release|x86
		{ED06DC31-39EB-471E-BE85-0B79CFAB2BBF}.Debug|Any CPU.ActiveCfg = Debug|Any CPU
		{ED06DC31-39EB-471E-BE85-0B79CFAB2BBF}.Debug|Any CPU.Build.0 = Debug|Any CPU
		{ED06DC31-39EB-471E-BE85-0B79CFAB2BBF}.Debug|x64.ActiveCfg = Debug|x64
		{ED06DC31-39EB-471E-BE85-0B79CFAB2BBF}.Debug|x64.Build.0 = Debug|x64
		{ED06DC31-39EB-471E-BE85-0B79CFAB2BBF}.Debug|x86.ActiveCfg = Debug|x86
		{ED06DC31-39EB-471E-BE85-0B79CFAB2BBF}.Debug|x86.Build.0 = Debug|x86
		{ED06DC31-39EB-471E-BE85-0B79CFAB2BBF}.Release|Any CPU.ActiveCfg = Release|Any CPU
		{ED06DC31-39EB-471E-BE85-0B79CFAB2BBF}.Release|Any CPU.Build.0 = Release|Any CPU
		{ED06DC31-39EB-471E-BE85-0B79CFAB2BBF}.Release|x64.ActiveCfg = Release|x64
		{ED06DC31-39EB-471E-BE85-0B79CFAB2BBF}.Release|x64.Build.0 = Release|x64
		{ED06DC31-39EB-471E-BE85-0B79CFAB2BBF}.Release|x86.ActiveCfg = Release|x86
		{ED06DC31-39EB-471E-BE85-0B79CFAB2BBF}.Release|x86.Build.0 = Release|x86
		{9F19641A-B429-4993-ACA7-845AEF6FBBC7}.Debug|Any CPU.ActiveCfg = Debug|Any CPU
		{9F19641A-B429-4993-ACA7-845AEF6FBBC7}.Debug|Any CPU.Build.0 = Debug|Any CPU
		{9F19641A-B429-4993-ACA7-845AEF6FBBC7}.Debug|x64.ActiveCfg = Debug|x64
		{9F19641A-B429-4993-ACA7-845AEF6FBBC7}.Debug|x64.Build.0 = Debug|x64
		{9F19641A-B429-4993-ACA7-845AEF6FBBC7}.Debug|x86.ActiveCfg = Debug|x86
		{9F19641A-B429-4993-ACA7-845AEF6FBBC7}.Debug|x86.Build.0 = Debug|x86
		{9F19641A-B429-4993-ACA7-845AEF6FBBC7}.Release|Any CPU.ActiveCfg = Release|Any CPU
		{9F19641A-B429-4993-ACA7-845AEF6FBBC7}.Release|Any CPU.Build.0 = Release|Any CPU
		{9F19641A-B429-4993-ACA7-845AEF6FBBC7}.Release|x64.ActiveCfg = Release|x64
		{9F19641A-B429-4993-ACA7-845AEF6FBBC7}.Release|x64.Build.0 = Release|x64
		{9F19641A-B429-4993-ACA7-845AEF6FBBC7}.Release|x86.ActiveCfg = Release|x86
		{9F19641A-B429-4993-ACA7-845AEF6FBBC7}.Release|x86.Build.0 = Release|x86
		{6C03D3B6-57E7-44FC-BF31-892B17B9D0F0}.Debug|Any CPU.ActiveCfg = Debug|Any CPU
		{6C03D3B6-57E7-44FC-BF31-892B17B9D0F0}.Debug|Any CPU.Build.0 = Debug|Any CPU
		{6C03D3B6-57E7-44FC-BF31-892B17B9D0F0}.Debug|x64.ActiveCfg = Debug|x64
		{6C03D3B6-57E7-44FC-BF31-892B17B9D0F0}.Debug|x64.Build.0 = Debug|x64
		{6C03D3B6-57E7-44FC-BF31-892B17B9D0F0}.Debug|x86.ActiveCfg = Debug|x86
		{6C03D3B6-57E7-44FC-BF31-892B17B9D0F0}.Debug|x86.Build.0 = Debug|x86
		{6C03D3B6-57E7-44FC-BF31-892B17B9D0F0}.Release|Any CPU.ActiveCfg = Release|Any CPU
		{6C03D3B6-57E7-44FC-BF31-892B17B9D0F0}.Release|Any CPU.Build.0 = Release|Any CPU
		{6C03D3B6-57E7-44FC-BF31-892B17B9D0F0}.Release|x64.ActiveCfg = Release|x64
		{6C03D3B6-57E7-44FC-BF31-892B17B9D0F0}.Release|x64.Build.0 = Release|x64
		{6C03D3B6-57E7-44FC-BF31-892B17B9D0F0}.Release|x86.ActiveCfg = Release|x86
		{6C03D3B6-57E7-44FC-BF31-892B17B9D0F0}.Release|x86.Build.0 = Release|x86
	EndGlobalSection
	GlobalSection(SolutionProperties) = preSolution
		HideSolutionNode = FALSE
	EndGlobalSection
	GlobalSection(NestedProjects) = preSolution
		{99228ECE-ECB3-4F08-B403-BF49FCE69B2D} = {1D8688C8-D7CB-4F40-8CD2-A9F53DE0B613}
		{ED06DC31-39EB-471E-BE85-0B79CFAB2BBF} = {1D8688C8-D7CB-4F40-8CD2-A9F53DE0B613}
		{9F19641A-B429-4993-ACA7-845AEF6FBBC7} = {B452A380-36B3-4881-A4DA-A092B8A599C2}
		{6C03D3B6-57E7-44FC-BF31-892B17B9D0F0} = {B452A380-36B3-4881-A4DA-A092B8A599C2}
	EndGlobalSection
EndGlobal
